// !$*UTF8*$!
{
	archiveVersion = 1;
	classes = {
	};
	objectVersion = 46;
	objects = {

/* Begin PBXBuildFile section */
		622C83D21C4CCD397EBA3956 /* Pods_yataTests.framework in Frameworks */ = {isa = PBXBuildFile; fileRef = 1A812B2713EF6944AE08290E /* Pods_yataTests.framework */; };
		779CA64C4B2EE93084167B41 /* Pods_yata.framework in Frameworks */ = {isa = PBXBuildFile; fileRef = E56E27CFA32D5AB593E0195D /* Pods_yata.framework */; };
		8BA4BA061EEFA3DA00F85CCA /* Assets.xcassets in Resources */ = {isa = PBXBuildFile; fileRef = 8BA4BA031EEFA3DA00F85CCA /* Assets.xcassets */; };
		8BA4BA071EEFA3DA00F85CCA /* Main.storyboard in Resources */ = {isa = PBXBuildFile; fileRef = 8BA4BA041EEFA3DA00F85CCA /* Main.storyboard */; };
		8BA4BA0B1EEFA3E400F85CCA /* AppDelegate.swift in Sources */ = {isa = PBXBuildFile; fileRef = 8BA4BA091EEFA3E400F85CCA /* AppDelegate.swift */; };
		8BA4BA0C1EEFA3E400F85CCA /* ViewController.swift in Sources */ = {isa = PBXBuildFile; fileRef = 8BA4BA0A1EEFA3E400F85CCA /* ViewController.swift */; };
		8BA4BA141EEFA7D600F85CCA /* Account.swift in Sources */ = {isa = PBXBuildFile; fileRef = 8BA4BA131EEFA7D600F85CCA /* Account.swift */; };
		8BA4BA2B1EEFAAF200F85CCA /* AccountTests.swift in Sources */ = {isa = PBXBuildFile; fileRef = 8BA4BA2A1EEFAAF200F85CCA /* AccountTests.swift */; };
		8BA4BA2C1EEFAAF700F85CCA /* Account.swift in Sources */ = {isa = PBXBuildFile; fileRef = 8BA4BA131EEFA7D600F85CCA /* Account.swift */; };
		8BA4BA2F1EEFB5CE00F85CCA /* PageViews.swift in Sources */ = {isa = PBXBuildFile; fileRef = 8BA4BA2E1EEFB5CE00F85CCA /* PageViews.swift */; };
		8BA4BA301EEFB62700F85CCA /* PageViews.swift in Sources */ = {isa = PBXBuildFile; fileRef = 8BA4BA2E1EEFB5CE00F85CCA /* PageViews.swift */; };
		8BA4BA321EEFB64200F85CCA /* PageViewsTests.swift in Sources */ = {isa = PBXBuildFile; fileRef = 8BA4BA311EEFB64200F85CCA /* PageViewsTests.swift */; };
		8BA4BA341EEFB89D00F85CCA /* Node.swift in Sources */ = {isa = PBXBuildFile; fileRef = 8BA4BA331EEFB89D00F85CCA /* Node.swift */; };
		8BA4BA351EEFB89D00F85CCA /* Node.swift in Sources */ = {isa = PBXBuildFile; fileRef = 8BA4BA331EEFB89D00F85CCA /* Node.swift */; };
		8BA4BA371EEFBC2900F85CCA /* NodeElement.swift in Sources */ = {isa = PBXBuildFile; fileRef = 8BA4BA361EEFBC2900F85CCA /* NodeElement.swift */; };
		8BA4BA381EEFBC2900F85CCA /* NodeElement.swift in Sources */ = {isa = PBXBuildFile; fileRef = 8BA4BA361EEFBC2900F85CCA /* NodeElement.swift */; };
		8BA4BA3A1EEFC2BE00F85CCA /* Attrs.swift in Sources */ = {isa = PBXBuildFile; fileRef = 8BA4BA391EEFC2BE00F85CCA /* Attrs.swift */; };
		8BA4BA3B1EEFC2BE00F85CCA /* Attrs.swift in Sources */ = {isa = PBXBuildFile; fileRef = 8BA4BA391EEFC2BE00F85CCA /* Attrs.swift */; };
		8BA4BA3E1EEFC3B500F85CCA /* AttrsTests.swift in Sources */ = {isa = PBXBuildFile; fileRef = 8BA4BA3C1EEFC3B500F85CCA /* AttrsTests.swift */; };
		8BA4BA411EF0CB8C00F85CCA /* NodeElementTests.swift in Sources */ = {isa = PBXBuildFile; fileRef = 8BA4BA3F1EF0CB8C00F85CCA /* NodeElementTests.swift */; };
		8BDF01461EF105F0006EABDE /* Page.swift in Sources */ = {isa = PBXBuildFile; fileRef = 8BDF01451EF105F0006EABDE /* Page.swift */; };
		8BDF01471EF105F0006EABDE /* Page.swift in Sources */ = {isa = PBXBuildFile; fileRef = 8BDF01451EF105F0006EABDE /* Page.swift */; };
		8BDF01491EF106D2006EABDE /* PageList.swift in Sources */ = {isa = PBXBuildFile; fileRef = 8BDF01481EF106D2006EABDE /* PageList.swift */; };
		8BDF014A1EF106D2006EABDE /* PageList.swift in Sources */ = {isa = PBXBuildFile; fileRef = 8BDF01481EF106D2006EABDE /* PageList.swift */; };
		8BDF014D1EF10C5C006EABDE /* PageTests.swift in Sources */ = {isa = PBXBuildFile; fileRef = 8BDF014B1EF10C5C006EABDE /* PageTests.swift */; };
		8BDF01501EF10CB9006EABDE /* Json.swift in Sources */ = {isa = PBXBuildFile; fileRef = 8BDF014F1EF10CB9006EABDE /* Json.swift */; };
		8BDF01521EF20B26006EABDE /* PageListTests.swift in Sources */ = {isa = PBXBuildFile; fileRef = 8BDF01511EF20B26006EABDE /* PageListTests.swift */; };
/* End PBXBuildFile section */

/* Begin PBXContainerItemProxy section */
		8BA4BA1E1EEFA9EA00F85CCA /* PBXContainerItemProxy */ = {
			isa = PBXContainerItemProxy;
			containerPortal = 8BA4B9A51EEE241000F85CCA /* Project object */;
			proxyType = 1;
			remoteGlobalIDString = 8BA4B9AC1EEE241000F85CCA;
			remoteInfo = yata;
		};
/* End PBXContainerItemProxy section */

/* Begin PBXFileReference section */
		1A812B2713EF6944AE08290E /* Pods_yataTests.framework */ = {isa = PBXFileReference; explicitFileType = wrapper.framework; includeInIndex = 0; path = Pods_yataTests.framework; sourceTree = BUILT_PRODUCTS_DIR; };
		876DB4E3AE57C4BD066073B7 /* Pods-yataTests.debug.xcconfig */ = {isa = PBXFileReference; includeInIndex = 1; lastKnownFileType = text.xcconfig; name = "Pods-yataTests.debug.xcconfig"; path = "Pods/Target Support Files/Pods-yataTests/Pods-yataTests.debug.xcconfig"; sourceTree = "<group>"; };
		8B4590371EF0E9B50009D4BE /* MyPlayground.playground */ = {isa = PBXFileReference; lastKnownFileType = file.playground; path = MyPlayground.playground; sourceTree = "<group>"; };
		8BA4B9AD1EEE241000F85CCA /* yata.app */ = {isa = PBXFileReference; explicitFileType = wrapper.application; includeInIndex = 0; path = yata.app; sourceTree = BUILT_PRODUCTS_DIR; };
		8BA4BA031EEFA3DA00F85CCA /* Assets.xcassets */ = {isa = PBXFileReference; lastKnownFileType = folder.assetcatalog; path = Assets.xcassets; sourceTree = "<group>"; };
		8BA4BA051EEFA3DA00F85CCA /* Base */ = {isa = PBXFileReference; lastKnownFileType = file.storyboard; name = Base; path = Base.lproj/Main.storyboard; sourceTree = "<group>"; };
		8BA4BA091EEFA3E400F85CCA /* AppDelegate.swift */ = {isa = PBXFileReference; fileEncoding = 4; lastKnownFileType = sourcecode.swift; path = AppDelegate.swift; sourceTree = "<group>"; };
		8BA4BA0A1EEFA3E400F85CCA /* ViewController.swift */ = {isa = PBXFileReference; fileEncoding = 4; lastKnownFileType = sourcecode.swift; path = ViewController.swift; sourceTree = "<group>"; };
		8BA4BA0E1EEFA3F200F85CCA /* Info.plist */ = {isa = PBXFileReference; fileEncoding = 4; lastKnownFileType = text.plist.xml; path = Info.plist; sourceTree = "<group>"; };
		8BA4BA111EEFA4E300F85CCA /* yata.entitlements */ = {isa = PBXFileReference; fileEncoding = 4; lastKnownFileType = text.plist.entitlements; path = yata.entitlements; sourceTree = "<group>"; };
		8BA4BA131EEFA7D600F85CCA /* Account.swift */ = {isa = PBXFileReference; fileEncoding = 4; lastKnownFileType = sourcecode.swift; path = Account.swift; sourceTree = "<group>"; };
		8BA4BA191EEFA9EA00F85CCA /* yataTests.xctest */ = {isa = PBXFileReference; explicitFileType = wrapper.cfbundle; includeInIndex = 0; path = yataTests.xctest; sourceTree = BUILT_PRODUCTS_DIR; };
		8BA4BA271EEFAA1F00F85CCA /* Info.plist */ = {isa = PBXFileReference; fileEncoding = 4; lastKnownFileType = text.plist.xml; path = Info.plist; sourceTree = "<group>"; };
		8BA4BA2A1EEFAAF200F85CCA /* AccountTests.swift */ = {isa = PBXFileReference; fileEncoding = 4; lastKnownFileType = sourcecode.swift; path = AccountTests.swift; sourceTree = "<group>"; };
		8BA4BA2E1EEFB5CE00F85CCA /* PageViews.swift */ = {isa = PBXFileReference; fileEncoding = 4; lastKnownFileType = sourcecode.swift; path = PageViews.swift; sourceTree = "<group>"; };
		8BA4BA311EEFB64200F85CCA /* PageViewsTests.swift */ = {isa = PBXFileReference; fileEncoding = 4; lastKnownFileType = sourcecode.swift; path = PageViewsTests.swift; sourceTree = "<group>"; };
		8BA4BA331EEFB89D00F85CCA /* Node.swift */ = {isa = PBXFileReference; fileEncoding = 4; lastKnownFileType = sourcecode.swift; path = Node.swift; sourceTree = "<group>"; };
		8BA4BA361EEFBC2900F85CCA /* NodeElement.swift */ = {isa = PBXFileReference; fileEncoding = 4; lastKnownFileType = sourcecode.swift; path = NodeElement.swift; sourceTree = "<group>"; };
		8BA4BA391EEFC2BE00F85CCA /* Attrs.swift */ = {isa = PBXFileReference; fileEncoding = 4; lastKnownFileType = sourcecode.swift; path = Attrs.swift; sourceTree = "<group>"; };
		8BA4BA3C1EEFC3B500F85CCA /* AttrsTests.swift */ = {isa = PBXFileReference; fileEncoding = 4; lastKnownFileType = sourcecode.swift; path = AttrsTests.swift; sourceTree = "<group>"; };
		8BA4BA3F1EF0CB8C00F85CCA /* NodeElementTests.swift */ = {isa = PBXFileReference; fileEncoding = 4; lastKnownFileType = sourcecode.swift; path = NodeElementTests.swift; sourceTree = "<group>"; };
		8BDF01451EF105F0006EABDE /* Page.swift */ = {isa = PBXFileReference; fileEncoding = 4; lastKnownFileType = sourcecode.swift; path = Page.swift; sourceTree = "<group>"; };
		8BDF01481EF106D2006EABDE /* PageList.swift */ = {isa = PBXFileReference; fileEncoding = 4; lastKnownFileType = sourcecode.swift; path = PageList.swift; sourceTree = "<group>"; };
		8BDF014B1EF10C5C006EABDE /* PageTests.swift */ = {isa = PBXFileReference; fileEncoding = 4; lastKnownFileType = sourcecode.swift; path = PageTests.swift; sourceTree = "<group>"; };
		8BDF014F1EF10CB9006EABDE /* Json.swift */ = {isa = PBXFileReference; fileEncoding = 4; lastKnownFileType = sourcecode.swift; path = Json.swift; sourceTree = "<group>"; };
		8BDF01511EF20B26006EABDE /* PageListTests.swift */ = {isa = PBXFileReference; fileEncoding = 4; lastKnownFileType = sourcecode.swift; path = PageListTests.swift; sourceTree = "<group>"; };
		B87D7F7382703EEE11CD9B60 /* Pods-yataTests.release.xcconfig */ = {isa = PBXFileReference; includeInIndex = 1; lastKnownFileType = text.xcconfig; name = "Pods-yataTests.release.xcconfig"; path = "Pods/Target Support Files/Pods-yataTests/Pods-yataTests.release.xcconfig"; sourceTree = "<group>"; };
		BF583BAFD824420C8F507903 /* Pods-yata.debug.xcconfig */ = {isa = PBXFileReference; includeInIndex = 1; lastKnownFileType = text.xcconfig; name = "Pods-yata.debug.xcconfig"; path = "Pods/Target Support Files/Pods-yata/Pods-yata.debug.xcconfig"; sourceTree = "<group>"; };
		CC9D26FD46EE949B48B3ED19 /* Pods-yata.release.xcconfig */ = {isa = PBXFileReference; includeInIndex = 1; lastKnownFileType = text.xcconfig; name = "Pods-yata.release.xcconfig"; path = "Pods/Target Support Files/Pods-yata/Pods-yata.release.xcconfig"; sourceTree = "<group>"; };
		E56E27CFA32D5AB593E0195D /* Pods_yata.framework */ = {isa = PBXFileReference; explicitFileType = wrapper.framework; includeInIndex = 0; path = Pods_yata.framework; sourceTree = BUILT_PRODUCTS_DIR; };
/* End PBXFileReference section */

/* Begin PBXFrameworksBuildPhase section */
		8BA4B9AA1EEE241000F85CCA /* Frameworks */ = {
			isa = PBXFrameworksBuildPhase;
			buildActionMask = 2147483647;
			files = (
				779CA64C4B2EE93084167B41 /* Pods_yata.framework in Frameworks */,
			);
			runOnlyForDeploymentPostprocessing = 0;
		};
		8BA4BA161EEFA9EA00F85CCA /* Frameworks */ = {
			isa = PBXFrameworksBuildPhase;
			buildActionMask = 2147483647;
			files = (
				622C83D21C4CCD397EBA3956 /* Pods_yataTests.framework in Frameworks */,
			);
			runOnlyForDeploymentPostprocessing = 0;
		};
/* End PBXFrameworksBuildPhase section */

/* Begin PBXGroup section */
		2269109A60CA225EABA89D0F /* Pods */ = {
			isa = PBXGroup;
			children = (
				BF583BAFD824420C8F507903 /* Pods-yata.debug.xcconfig */,
				CC9D26FD46EE949B48B3ED19 /* Pods-yata.release.xcconfig */,
				876DB4E3AE57C4BD066073B7 /* Pods-yataTests.debug.xcconfig */,
				B87D7F7382703EEE11CD9B60 /* Pods-yataTests.release.xcconfig */,
			);
			name = Pods;
			sourceTree = "<group>";
		};
		3AD1FD8ECC2E7F36ABF51EE5 /* Frameworks */ = {
			isa = PBXGroup;
			children = (
				E56E27CFA32D5AB593E0195D /* Pods_yata.framework */,
				1A812B2713EF6944AE08290E /* Pods_yataTests.framework */,
			);
			name = Frameworks;
			sourceTree = "<group>";
		};
		8BA4B9A41EEE241000F85CCA = {
			isa = PBXGroup;
			children = (
				8B4590371EF0E9B50009D4BE /* MyPlayground.playground */,
				8BA4BA121EEFA78600F85CCA /* Models */,
				8BA4BA081EEFA3E400F85CCA /* Sources */,
				8BA4BA021EEFA3DA00F85CCA /* Resources */,
				8BA4BA0D1EEFA3F200F85CCA /* Supporting Files */,
				8BA4BA1A1EEFA9EA00F85CCA /* yataTests */,
				8BA4B9AE1EEE241000F85CCA /* Products */,
				2269109A60CA225EABA89D0F /* Pods */,
				3AD1FD8ECC2E7F36ABF51EE5 /* Frameworks */,
			);
			sourceTree = "<group>";
		};
		8BA4B9AE1EEE241000F85CCA /* Products */ = {
			isa = PBXGroup;
			children = (
				8BA4B9AD1EEE241000F85CCA /* yata.app */,
				8BA4BA191EEFA9EA00F85CCA /* yataTests.xctest */,
			);
			name = Products;
			sourceTree = "<group>";
		};
		8BA4BA021EEFA3DA00F85CCA /* Resources */ = {
			isa = PBXGroup;
			children = (
				8BA4BA031EEFA3DA00F85CCA /* Assets.xcassets */,
				8BA4BA041EEFA3DA00F85CCA /* Main.storyboard */,
			);
			name = Resources;
			path = yata/Resources;
			sourceTree = "<group>";
		};
		8BA4BA081EEFA3E400F85CCA /* Sources */ = {
			isa = PBXGroup;
			children = (
				8BA4BA091EEFA3E400F85CCA /* AppDelegate.swift */,
				8BA4BA0A1EEFA3E400F85CCA /* ViewController.swift */,
			);
			name = Sources;
			path = yata/Sources;
			sourceTree = "<group>";
		};
		8BA4BA0D1EEFA3F200F85CCA /* Supporting Files */ = {
			isa = PBXGroup;
			children = (
				8BA4BA111EEFA4E300F85CCA /* yata.entitlements */,
				8BA4BA0E1EEFA3F200F85CCA /* Info.plist */,
			);
			name = "Supporting Files";
			path = "yata/Supporting Files";
			sourceTree = "<group>";
		};
		8BA4BA121EEFA78600F85CCA /* Models */ = {
			isa = PBXGroup;
			children = (
				8BA4BA131EEFA7D600F85CCA /* Account.swift */,
				8BA4BA2E1EEFB5CE00F85CCA /* PageViews.swift */,
				8BA4BA331EEFB89D00F85CCA /* Node.swift */,
				8BA4BA361EEFBC2900F85CCA /* NodeElement.swift */,
				8BA4BA391EEFC2BE00F85CCA /* Attrs.swift */,
				8BDF01451EF105F0006EABDE /* Page.swift */,
				8BDF01481EF106D2006EABDE /* PageList.swift */,
			);
			name = Models;
			path = yata/Sources/Models;
			sourceTree = "<group>";
		};
		8BA4BA1A1EEFA9EA00F85CCA /* yataTests */ = {
			isa = PBXGroup;
			children = (
				8BA4BA231EEFAA1F00F85CCA /* Sources */,
				8BA4BA261EEFAA1F00F85CCA /* Supporting Files */,
			);
			path = yataTests;
			sourceTree = "<group>";
		};
		8BA4BA231EEFAA1F00F85CCA /* Sources */ = {
			isa = PBXGroup;
			children = (
				8BDF014E1EF10C98006EABDE /* Utils */,
				8BA4BA241EEFAA1F00F85CCA /* Models */,
			);
			path = Sources;
			sourceTree = "<group>";
		};
		8BA4BA241EEFAA1F00F85CCA /* Models */ = {
			isa = PBXGroup;
			children = (
				8BA4BA2A1EEFAAF200F85CCA /* AccountTests.swift */,
				8BA4BA311EEFB64200F85CCA /* PageViewsTests.swift */,
				8BA4BA3C1EEFC3B500F85CCA /* AttrsTests.swift */,
				8BA4BA3F1EF0CB8C00F85CCA /* NodeElementTests.swift */,
				8BDF014B1EF10C5C006EABDE /* PageTests.swift */,
				8BDF01511EF20B26006EABDE /* PageListTests.swift */,
			);
			path = Models;
			sourceTree = "<group>";
		};
		8BA4BA261EEFAA1F00F85CCA /* Supporting Files */ = {
			isa = PBXGroup;
			children = (
				8BA4BA271EEFAA1F00F85CCA /* Info.plist */,
			);
			path = "Supporting Files";
			sourceTree = "<group>";
		};
		8BDF014E1EF10C98006EABDE /* Utils */ = {
			isa = PBXGroup;
			children = (
				8BDF014F1EF10CB9006EABDE /* Json.swift */,
			);
			path = Utils;
			sourceTree = "<group>";
		};
/* End PBXGroup section */

/* Begin PBXNativeTarget section */
		8BA4B9AC1EEE241000F85CCA /* yata */ = {
			isa = PBXNativeTarget;
			buildConfigurationList = 8BA4B9BC1EEE241000F85CCA /* Build configuration list for PBXNativeTarget "yata" */;
			buildPhases = (
				07966685BC24ADA71A8C01B6 /* [CP] Check Pods Manifest.lock */,
				8BA4B9A91EEE241000F85CCA /* Sources */,
				8BA4B9AA1EEE241000F85CCA /* Frameworks */,
				8BA4B9AB1EEE241000F85CCA /* Resources */,
				F90BB64A3EDE6E3049EEA9BF /* [CP] Embed Pods Frameworks */,
				C29123322AFE96B515C55640 /* [CP] Copy Pods Resources */,
			);
			buildRules = (
			);
			dependencies = (
			);
			name = yata;
			productName = yata;
			productReference = 8BA4B9AD1EEE241000F85CCA /* yata.app */;
			productType = "com.apple.product-type.application";
		};
		8BA4BA181EEFA9EA00F85CCA /* yataTests */ = {
			isa = PBXNativeTarget;
			buildConfigurationList = 8BA4BA201EEFA9EA00F85CCA /* Build configuration list for PBXNativeTarget "yataTests" */;
			buildPhases = (
				0A18FA3E98D7BDA2541C4FBD /* [CP] Check Pods Manifest.lock */,
				8BA4BA151EEFA9EA00F85CCA /* Sources */,
				8BA4BA161EEFA9EA00F85CCA /* Frameworks */,
				8BA4BA171EEFA9EA00F85CCA /* Resources */,
				F56BF78869DF6829809959AE /* [CP] Embed Pods Frameworks */,
				E071841B3E63867280E40971 /* [CP] Copy Pods Resources */,
			);
			buildRules = (
			);
			dependencies = (
				8BA4BA1F1EEFA9EA00F85CCA /* PBXTargetDependency */,
			);
			name = yataTests;
			productName = yataTests;
			productReference = 8BA4BA191EEFA9EA00F85CCA /* yataTests.xctest */;
			productType = "com.apple.product-type.bundle.unit-test";
		};
/* End PBXNativeTarget section */

/* Begin PBXProject section */
		8BA4B9A51EEE241000F85CCA /* Project object */ = {
			isa = PBXProject;
			attributes = {
				LastSwiftUpdateCheck = 0830;
				LastUpgradeCheck = 0830;
				ORGANIZATIONNAME = "HS Song";
				TargetAttributes = {
					8BA4B9AC1EEE241000F85CCA = {
						CreatedOnToolsVersion = 8.3.3;
						DevelopmentTeam = MGW797GVB2;
						LastSwiftMigration = 0830;
						ProvisioningStyle = Automatic;
						SystemCapabilities = {
							com.apple.Sandbox = {
								enabled = 1;
							};
						};
					};
					8BA4BA181EEFA9EA00F85CCA = {
						CreatedOnToolsVersion = 8.3.3;
						ProvisioningStyle = Automatic;
						TestTargetID = 8BA4B9AC1EEE241000F85CCA;
					};
				};
			};
			buildConfigurationList = 8BA4B9A81EEE241000F85CCA /* Build configuration list for PBXProject "yata" */;
			compatibilityVersion = "Xcode 3.2";
			developmentRegion = English;
			hasScannedForEncodings = 0;
			knownRegions = (
				en,
				Base,
			);
			mainGroup = 8BA4B9A41EEE241000F85CCA;
			productRefGroup = 8BA4B9AE1EEE241000F85CCA /* Products */;
			projectDirPath = "";
			projectRoot = "";
			targets = (
				8BA4B9AC1EEE241000F85CCA /* yata */,
				8BA4BA181EEFA9EA00F85CCA /* yataTests */,
			);
		};
/* End PBXProject section */

/* Begin PBXResourcesBuildPhase section */
		8BA4B9AB1EEE241000F85CCA /* Resources */ = {
			isa = PBXResourcesBuildPhase;
			buildActionMask = 2147483647;
			files = (
				8BA4BA061EEFA3DA00F85CCA /* Assets.xcassets in Resources */,
				8BA4BA071EEFA3DA00F85CCA /* Main.storyboard in Resources */,
			);
			runOnlyForDeploymentPostprocessing = 0;
		};
		8BA4BA171EEFA9EA00F85CCA /* Resources */ = {
			isa = PBXResourcesBuildPhase;
			buildActionMask = 2147483647;
			files = (
			);
			runOnlyForDeploymentPostprocessing = 0;
		};
/* End PBXResourcesBuildPhase section */

/* Begin PBXShellScriptBuildPhase section */
		07966685BC24ADA71A8C01B6 /* [CP] Check Pods Manifest.lock */ = {
			isa = PBXShellScriptBuildPhase;
			buildActionMask = 2147483647;
			files = (
			);
			inputPaths = (
			);
			name = "[CP] Check Pods Manifest.lock";
			outputPaths = (
			);
			runOnlyForDeploymentPostprocessing = 0;
			shellPath = /bin/sh;
			shellScript = "diff \"${PODS_PODFILE_DIR_PATH}/Podfile.lock\" \"${PODS_ROOT}/Manifest.lock\" > /dev/null\nif [ $? != 0 ] ; then\n    # print error to STDERR\n    echo \"error: The sandbox is not in sync with the Podfile.lock. Run 'pod install' or update your CocoaPods installation.\" >&2\n    exit 1\nfi\n";
			showEnvVarsInLog = 0;
		};
		0A18FA3E98D7BDA2541C4FBD /* [CP] Check Pods Manifest.lock */ = {
			isa = PBXShellScriptBuildPhase;
			buildActionMask = 2147483647;
			files = (
			);
			inputPaths = (
			);
			name = "[CP] Check Pods Manifest.lock";
			outputPaths = (
			);
			runOnlyForDeploymentPostprocessing = 0;
			shellPath = /bin/sh;
			shellScript = "diff \"${PODS_PODFILE_DIR_PATH}/Podfile.lock\" \"${PODS_ROOT}/Manifest.lock\" > /dev/null\nif [ $? != 0 ] ; then\n    # print error to STDERR\n    echo \"error: The sandbox is not in sync with the Podfile.lock. Run 'pod install' or update your CocoaPods installation.\" >&2\n    exit 1\nfi\n";
			showEnvVarsInLog = 0;
		};
		C29123322AFE96B515C55640 /* [CP] Copy Pods Resources */ = {
			isa = PBXShellScriptBuildPhase;
			buildActionMask = 2147483647;
			files = (
			);
			inputPaths = (
			);
			name = "[CP] Copy Pods Resources";
			outputPaths = (
			);
			runOnlyForDeploymentPostprocessing = 0;
			shellPath = /bin/sh;
			shellScript = "\"${SRCROOT}/Pods/Target Support Files/Pods-yata/Pods-yata-resources.sh\"\n";
			showEnvVarsInLog = 0;
		};
		E071841B3E63867280E40971 /* [CP] Copy Pods Resources */ = {
			isa = PBXShellScriptBuildPhase;
			buildActionMask = 2147483647;
			files = (
			);
			inputPaths = (
			);
			name = "[CP] Copy Pods Resources";
			outputPaths = (
			);
			runOnlyForDeploymentPostprocessing = 0;
			shellPath = /bin/sh;
			shellScript = "\"${SRCROOT}/Pods/Target Support Files/Pods-yataTests/Pods-yataTests-resources.sh\"\n";
			showEnvVarsInLog = 0;
		};
		F56BF78869DF6829809959AE /* [CP] Embed Pods Frameworks */ = {
			isa = PBXShellScriptBuildPhase;
			buildActionMask = 2147483647;
			files = (
			);
			inputPaths = (
			);
			name = "[CP] Embed Pods Frameworks";
			outputPaths = (
			);
			runOnlyForDeploymentPostprocessing = 0;
			shellPath = /bin/sh;
			shellScript = "\"${SRCROOT}/Pods/Target Support Files/Pods-yataTests/Pods-yataTests-frameworks.sh\"\n";
			showEnvVarsInLog = 0;
		};
		F90BB64A3EDE6E3049EEA9BF /* [CP] Embed Pods Frameworks */ = {
			isa = PBXShellScriptBuildPhase;
			buildActionMask = 2147483647;
			files = (
			);
			inputPaths = (
			);
			name = "[CP] Embed Pods Frameworks";
			outputPaths = (
			);
			runOnlyForDeploymentPostprocessing = 0;
			shellPath = /bin/sh;
			shellScript = "\"${SRCROOT}/Pods/Target Support Files/Pods-yata/Pods-yata-frameworks.sh\"\n";
			showEnvVarsInLog = 0;
		};
/* End PBXShellScriptBuildPhase section */

/* Begin PBXSourcesBuildPhase section */
		8BA4B9A91EEE241000F85CCA /* Sources */ = {
			isa = PBXSourcesBuildPhase;
			buildActionMask = 2147483647;
			files = (
				8BA4BA0B1EEFA3E400F85CCA /* AppDelegate.swift in Sources */,
				8BDF01491EF106D2006EABDE /* PageList.swift in Sources */,
				8BA4BA3A1EEFC2BE00F85CCA /* Attrs.swift in Sources */,
				8BDF01461EF105F0006EABDE /* Page.swift in Sources */,
				8BA4BA341EEFB89D00F85CCA /* Node.swift in Sources */,
				8BA4BA371EEFBC2900F85CCA /* NodeElement.swift in Sources */,
				8BA4BA2F1EEFB5CE00F85CCA /* PageViews.swift in Sources */,
				8BA4BA0C1EEFA3E400F85CCA /* ViewController.swift in Sources */,
				8BA4BA141EEFA7D600F85CCA /* Account.swift in Sources */,
			);
			runOnlyForDeploymentPostprocessing = 0;
		};
		8BA4BA151EEFA9EA00F85CCA /* Sources */ = {
			isa = PBXSourcesBuildPhase;
			buildActionMask = 2147483647;
			files = (
				8BDF014A1EF106D2006EABDE /* PageList.swift in Sources */,
				8BA4BA301EEFB62700F85CCA /* PageViews.swift in Sources */,
				8BDF01521EF20B26006EABDE /* PageListTests.swift in Sources */,
				8BA4BA3B1EEFC2BE00F85CCA /* Attrs.swift in Sources */,
				8BA4BA351EEFB89D00F85CCA /* Node.swift in Sources */,
				8BA4BA381EEFBC2900F85CCA /* NodeElement.swift in Sources */,
				8BDF01471EF105F0006EABDE /* Page.swift in Sources */,
				8BDF014D1EF10C5C006EABDE /* PageTests.swift in Sources */,
				8BA4BA3E1EEFC3B500F85CCA /* AttrsTests.swift in Sources */,
				8BA4BA411EF0CB8C00F85CCA /* NodeElementTests.swift in Sources */,
				8BA4BA321EEFB64200F85CCA /* PageViewsTests.swift in Sources */,
				8BA4BA2B1EEFAAF200F85CCA /* AccountTests.swift in Sources */,
				8BDF01501EF10CB9006EABDE /* Json.swift in Sources */,
				8BA4BA2C1EEFAAF700F85CCA /* Account.swift in Sources */,
			);
			runOnlyForDeploymentPostprocessing = 0;
		};
/* End PBXSourcesBuildPhase section */

/* Begin PBXTargetDependency section */
		8BA4BA1F1EEFA9EA00F85CCA /* PBXTargetDependency */ = {
			isa = PBXTargetDependency;
			target = 8BA4B9AC1EEE241000F85CCA /* yata */;
			targetProxy = 8BA4BA1E1EEFA9EA00F85CCA /* PBXContainerItemProxy */;
		};
/* End PBXTargetDependency section */

/* Begin PBXVariantGroup section */
		8BA4BA041EEFA3DA00F85CCA /* Main.storyboard */ = {
			isa = PBXVariantGroup;
			children = (
				8BA4BA051EEFA3DA00F85CCA /* Base */,
			);
			name = Main.storyboard;
			sourceTree = "<group>";
		};
/* End PBXVariantGroup section */

/* Begin XCBuildConfiguration section */
		8BA4B9BA1EEE241000F85CCA /* Debug */ = {
			isa = XCBuildConfiguration;
			buildSettings = {
				ALWAYS_SEARCH_USER_PATHS = NO;
				CLANG_ANALYZER_NONNULL = YES;
				CLANG_ANALYZER_NUMBER_OBJECT_CONVERSION = YES_AGGRESSIVE;
				CLANG_CXX_LANGUAGE_STANDARD = "gnu++0x";
				CLANG_CXX_LIBRARY = "libc++";
				CLANG_ENABLE_MODULES = YES;
				CLANG_ENABLE_OBJC_ARC = YES;
				CLANG_WARN_BOOL_CONVERSION = YES;
				CLANG_WARN_CONSTANT_CONVERSION = YES;
				CLANG_WARN_DIRECT_OBJC_ISA_USAGE = YES_ERROR;
				CLANG_WARN_DOCUMENTATION_COMMENTS = YES;
				CLANG_WARN_EMPTY_BODY = YES;
				CLANG_WARN_ENUM_CONVERSION = YES;
				CLANG_WARN_INFINITE_RECURSION = YES;
				CLANG_WARN_INT_CONVERSION = YES;
				CLANG_WARN_OBJC_ROOT_CLASS = YES_ERROR;
				CLANG_WARN_SUSPICIOUS_MOVE = YES;
				CLANG_WARN_UNREACHABLE_CODE = YES;
				CLANG_WARN__DUPLICATE_METHOD_MATCH = YES;
				CODE_SIGN_IDENTITY = "-";
				COPY_PHASE_STRIP = NO;
				DEBUG_INFORMATION_FORMAT = dwarf;
				ENABLE_STRICT_OBJC_MSGSEND = YES;
				ENABLE_TESTABILITY = YES;
				GCC_C_LANGUAGE_STANDARD = gnu99;
				GCC_DYNAMIC_NO_PIC = NO;
				GCC_NO_COMMON_BLOCKS = YES;
				GCC_OPTIMIZATION_LEVEL = 0;
				GCC_PREPROCESSOR_DEFINITIONS = (
					"DEBUG=1",
					"$(inherited)",
				);
				GCC_WARN_64_TO_32_BIT_CONVERSION = YES;
				GCC_WARN_ABOUT_RETURN_TYPE = YES_ERROR;
				GCC_WARN_UNDECLARED_SELECTOR = YES;
				GCC_WARN_UNINITIALIZED_AUTOS = YES_AGGRESSIVE;
				GCC_WARN_UNUSED_FUNCTION = YES;
				GCC_WARN_UNUSED_VARIABLE = YES;
				MACOSX_DEPLOYMENT_TARGET = 10.12;
				MTL_ENABLE_DEBUG_INFO = YES;
				ONLY_ACTIVE_ARCH = YES;
				SDKROOT = macosx;
				SWIFT_ACTIVE_COMPILATION_CONDITIONS = DEBUG;
				SWIFT_OPTIMIZATION_LEVEL = "-Onone";
			};
			name = Debug;
		};
		8BA4B9BB1EEE241000F85CCA /* Release */ = {
			isa = XCBuildConfiguration;
			buildSettings = {
				ALWAYS_SEARCH_USER_PATHS = NO;
				CLANG_ANALYZER_NONNULL = YES;
				CLANG_ANALYZER_NUMBER_OBJECT_CONVERSION = YES_AGGRESSIVE;
				CLANG_CXX_LANGUAGE_STANDARD = "gnu++0x";
				CLANG_CXX_LIBRARY = "libc++";
				CLANG_ENABLE_MODULES = YES;
				CLANG_ENABLE_OBJC_ARC = YES;
				CLANG_WARN_BOOL_CONVERSION = YES;
				CLANG_WARN_CONSTANT_CONVERSION = YES;
				CLANG_WARN_DIRECT_OBJC_ISA_USAGE = YES_ERROR;
				CLANG_WARN_DOCUMENTATION_COMMENTS = YES;
				CLANG_WARN_EMPTY_BODY = YES;
				CLANG_WARN_ENUM_CONVERSION = YES;
				CLANG_WARN_INFINITE_RECURSION = YES;
				CLANG_WARN_INT_CONVERSION = YES;
				CLANG_WARN_OBJC_ROOT_CLASS = YES_ERROR;
				CLANG_WARN_SUSPICIOUS_MOVE = YES;
				CLANG_WARN_UNREACHABLE_CODE = YES;
				CLANG_WARN__DUPLICATE_METHOD_MATCH = YES;
				CODE_SIGN_IDENTITY = "-";
				COPY_PHASE_STRIP = NO;
				DEBUG_INFORMATION_FORMAT = "dwarf-with-dsym";
				ENABLE_NS_ASSERTIONS = NO;
				ENABLE_STRICT_OBJC_MSGSEND = YES;
				GCC_C_LANGUAGE_STANDARD = gnu99;
				GCC_NO_COMMON_BLOCKS = YES;
				GCC_WARN_64_TO_32_BIT_CONVERSION = YES;
				GCC_WARN_ABOUT_RETURN_TYPE = YES_ERROR;
				GCC_WARN_UNDECLARED_SELECTOR = YES;
				GCC_WARN_UNINITIALIZED_AUTOS = YES_AGGRESSIVE;
				GCC_WARN_UNUSED_FUNCTION = YES;
				GCC_WARN_UNUSED_VARIABLE = YES;
				MACOSX_DEPLOYMENT_TARGET = 10.12;
				MTL_ENABLE_DEBUG_INFO = NO;
				SDKROOT = macosx;
				SWIFT_OPTIMIZATION_LEVEL = "-Owholemodule";
			};
			name = Release;
		};
		8BA4B9BD1EEE241000F85CCA /* Debug */ = {
			isa = XCBuildConfiguration;
			baseConfigurationReference = BF583BAFD824420C8F507903 /* Pods-yata.debug.xcconfig */;
			buildSettings = {
				ASSETCATALOG_COMPILER_APPICON_NAME = AppIcon;
				CLANG_ENABLE_MODULES = YES;
				CODE_SIGN_ENTITLEMENTS = "yata/Supporting Files/yata.entitlements";
				CODE_SIGN_IDENTITY = "Mac Developer";
				COMBINE_HIDPI_IMAGES = YES;
				DEVELOPMENT_TEAM = MGW797GVB2;
				INFOPLIST_FILE = "$(SRCROOT)/yata/Supporting Files/Info.plist";
				LD_RUNPATH_SEARCH_PATHS = "$(inherited) @executable_path/../Frameworks";
				PRODUCT_BUNDLE_IDENTIFIER = net.softdevstory.yataMac;
				PRODUCT_NAME = "$(TARGET_NAME)";
				PROVISIONING_PROFILE_SPECIFIER = "";
				SWIFT_OPTIMIZATION_LEVEL = "-Onone";
				SWIFT_VERSION = 3.0;
			};
			name = Debug;
		};
		8BA4B9BE1EEE241000F85CCA /* Release */ = {
			isa = XCBuildConfiguration;
			baseConfigurationReference = CC9D26FD46EE949B48B3ED19 /* Pods-yata.release.xcconfig */;
			buildSettings = {
				ASSETCATALOG_COMPILER_APPICON_NAME = AppIcon;
				CLANG_ENABLE_MODULES = YES;
				CODE_SIGN_ENTITLEMENTS = "yata/Supporting Files/yata.entitlements";
				CODE_SIGN_IDENTITY = "Mac Developer";
				COMBINE_HIDPI_IMAGES = YES;
				DEVELOPMENT_TEAM = MGW797GVB2;
				INFOPLIST_FILE = "$(SRCROOT)/yata/Supporting Files/Info.plist";
				LD_RUNPATH_SEARCH_PATHS = "$(inherited) @executable_path/../Frameworks";
				PRODUCT_BUNDLE_IDENTIFIER = net.softdevstory.yataMac;
				PRODUCT_NAME = "$(TARGET_NAME)";
				PROVISIONING_PROFILE_SPECIFIER = "";
				SWIFT_VERSION = 3.0;
			};
			name = Release;
		};
		8BA4BA211EEFA9EA00F85CCA /* Debug */ = {
			isa = XCBuildConfiguration;
			baseConfigurationReference = 876DB4E3AE57C4BD066073B7 /* Pods-yataTests.debug.xcconfig */;
			buildSettings = {
				BUNDLE_LOADER = "$(TEST_HOST)";
				CODE_SIGN_IDENTITY = "Mac Developer";
				COMBINE_HIDPI_IMAGES = YES;
				DEVELOPMENT_TEAM = "";
				INFOPLIST_FILE = "yataTests/Supporting Files/Info.plist";
				LD_RUNPATH_SEARCH_PATHS = "$(inherited) @executable_path/../Frameworks @loader_path/../Frameworks";
				PRODUCT_BUNDLE_IDENTIFIER = net.softdevstory.yataTests;
				PRODUCT_NAME = "$(TARGET_NAME)";
				PROVISIONING_PROFILE_SPECIFIER = "";
				SWIFT_VERSION = 3.0;
				TEST_HOST = "$(BUILT_PRODUCTS_DIR)/yata.app/Contents/MacOS/yata";
			};
			name = Debug;
		};
		8BA4BA221EEFA9EA00F85CCA /* Release */ = {
			isa = XCBuildConfiguration;
			baseConfigurationReference = B87D7F7382703EEE11CD9B60 /* Pods-yataTests.release.xcconfig */;
			buildSettings = {
				BUNDLE_LOADER = "$(TEST_HOST)";
				CODE_SIGN_IDENTITY = "Mac Developer";
				COMBINE_HIDPI_IMAGES = YES;
				DEVELOPMENT_TEAM = "";
				INFOPLIST_FILE = "yataTests/Supporting Files/Info.plist";
				LD_RUNPATH_SEARCH_PATHS = "$(inherited) @executable_path/../Frameworks @loader_path/../Frameworks";
				PRODUCT_BUNDLE_IDENTIFIER = net.softdevstory.yataTests;
				PRODUCT_NAME = "$(TARGET_NAME)";
				PROVISIONING_PROFILE_SPECIFIER = "";
				SWIFT_VERSION = 3.0;
				TEST_HOST = "$(BUILT_PRODUCTS_DIR)/yata.app/Contents/MacOS/yata";
			};
			name = Release;
		};
/* End XCBuildConfiguration section */

/* Begin XCConfigurationList section */
		8BA4B9A81EEE241000F85CCA /* Build configuration list for PBXProject "yata" */ = {
			isa = XCConfigurationList;
			buildConfigurations = (
				8BA4B9BA1EEE241000F85CCA /* Debug */,
				8BA4B9BB1EEE241000F85CCA /* Release */,
			);
			defaultConfigurationIsVisible = 0;
			defaultConfigurationName = Release;
		};
		8BA4B9BC1EEE241000F85CCA /* Build configuration list for PBXNativeTarget "yata" */ = {
			isa = XCConfigurationList;
			buildConfigurations = (
				8BA4B9BD1EEE241000F85CCA /* Debug */,
				8BA4B9BE1EEE241000F85CCA /* Release */,
			);
			defaultConfigurationIsVisible = 0;
			defaultConfigurationName = Release;
		};
		8BA4BA201EEFA9EA00F85CCA /* Build configuration list for PBXNativeTarget "yataTests" */ = {
			isa = XCConfigurationList;
			buildConfigurations = (
				8BA4BA211EEFA9EA00F85CCA /* Debug */,
				8BA4BA221EEFA9EA00F85CCA /* Release */,
			);
			defaultConfigurationIsVisible = 0;
			defaultConfigurationName = Release;
		};
/* End XCConfigurationList section */
	};
	rootObject = 8BA4B9A51EEE241000F85CCA /* Project object */;
}
